{
  "requires": true,
  "lockfileVersion": 1,
  "dependencies": {
    "pnotify": {
      "version": "4.0.0-alpha.1",
      "resolved": "https://registry.npmjs.org/pnotify/-/pnotify-4.0.0-alpha.1.tgz",
      "integrity": "sha512-U8H3YwH8YdhAUd5QcW7JFRpntko2mHtfFD1bdeoL2tacP4sCn/QlBQICpjlGbtqfH2wjs0IStbGQNLdJN1Ke7w=="
    }
  }
}
